
Microsoft Visual Studio Solution File, Format Version 12.00
# Visual Studio Version 16
VisualStudioVersion = 16.0.30717.126
MinimumVisualStudioVersion = 10.0.40219.1
Project("{9A19103F-16F7-4668-BE54-9A1E7A4F7556}") = "LupExercise", "LupExercise\LupExercise.csproj", "{27881BE7-2AC0-42B3-ACBE-75D9307E0E33}"
EndProject
Global
	GlobalSection(SolutionConfigurationPlatforms) = preSolution
		Debug|Any CPU = Debug|Any CPU
		Release|Any CPU = Release|Any CPU
	EndGlobalSection
	GlobalSection(ProjectConfigurationPlatforms) = postSolution
		{27881BE7-2AC0-42B3-ACBE-75D9307E0E33}.Debug|Any CPU.ActiveCfg = Debug|Any CPU
		{27881BE7-2AC0-42B3-ACBE-75D9307E0E33}.Debug|Any CPU.Build.0 = Debug|Any CPU
		{27881BE7-2AC0-42B3-ACBE-75D9307E0E33}.Release|Any CPU.ActiveCfg = Release|Any CPU
		{27881BE7-2AC0-42B3-ACBE-75D9307E0E33}.Release|Any CPU.Build.0 = Release|Any CPU
	EndGlobalSection
	GlobalSection(SolutionProperties) = preSolution
		HideSolutionNode = FALSE
	EndGlobalSection
	GlobalSection(ExtensibilityGlobals) = postSolution
		SolutionGuid = {12ED86EC-8D29-4705-8BD9-7C3FA14FC9B5}
	EndGlobalSection
EndGlobal
